Microsoft Visual Studio Solution File, Format Version 12.00
# Visual Studio Version 17
VisualStudioVersion = 17.0.31612.314
MinimumVisualStudioVersion = 10.0.40219.1
Project("{2150E333-8FDC-42A3-9474-1A3956D46DE8}") = "Solution Items", "Solution Items", "{37B0B305-4A8A-4562-A756-CFED6E1824E9}"
	ProjectSection(SolutionItems) = preProject
		..\.gitignore = ..\.gitignore
		Directory.Build.props = Directory.Build.props
	EndProjectSection
EndProject
Project("{2150E333-8FDC-42A3-9474-1A3956D46DE8}") = "Core", "Core", "{0BEDFD31-9C66-4BD5-B291-68E97CD001A2}"
EndProject
Project("{2150E333-8FDC-42A3-9474-1A3956D46DE8}") = "Source", "Source", "{9C8BA5E7-DD04-495C-A6B5-42CE8B4920B2}"
EndProject
Project("{9A19103F-16F7-4668-BE54-9A1E7A4F7556}") = "Articlib.Core.Domain", "Core\Source\Articlib.Core.Domain\Articlib.Core.Domain.csproj", "{D749BE43-2098-4395-9491-A962602C289C}"
EndProject
Project("{9A19103F-16F7-4668-BE54-9A1E7A4F7556}") = "Articlib.Core.Api", "Core\Source\Articlib.Core.Api\Articlib.Core.Api.csproj", "{602A2DF5-AA35-4263-9348-786E7638C6C2}"
EndProject
Project("{9A19103F-16F7-4668-BE54-9A1E7A4F7556}") = "Articlib.Core.Infra", "Core\Source\Articlib.Core.Infra\Articlib.Core.Infra.csproj", "{08B56C4A-08B1-4C4D-9848-E9C338B9734E}"
EndProject
Project("{2150E333-8FDC-42A3-9474-1A3956D46DE8}") = "Test", "Test", "{0517697A-06DA-41C1-BF2B-C2EEC58027AE}"
EndProject
Project("{9A19103F-16F7-4668-BE54-9A1E7A4F7556}") = "Articlib.Core.Domain.Test", "Core\Test\Articlib.Core.Domain.Test\Articlib.Core.Domain.Test.csproj", "{8154FF17-DCF7-4BF3-8247-A56D72CE1F61}"
EndProject
Project("{9A19103F-16F7-4668-BE54-9A1E7A4F7556}") = "Articlib.Core.Infra.Test", "Core\Test\Articlib.Core.Infra.Test\Articlib.Core.Infra.Test.csproj", "{FA22F3F6-0E5A-4C4C-911F-F5AD54530FD9}"
EndProject
Project("{2150E333-8FDC-42A3-9474-1A3956D46DE8}") = "Common", "Common", "{F2019390-5B40-4A5F-95E4-4D406725FECC}"
	ProjectSection(SolutionItems) = preProject
		Common-DotNet\Directory.Build.props = Common-DotNet\Directory.Build.props
	EndProjectSection
EndProject
Project("{9A19103F-16F7-4668-BE54-9A1E7A4F7556}") = "LittleByte.Domain", "Common-DotNet\LittleByte.Domain\LittleByte.Domain.csproj", "{D5841C30-9E1B-4643-9E85-12FDEEE73E0A}"
EndProject
Project("{9A19103F-16F7-4668-BE54-9A1E7A4F7556}") = "LittleByte.Validation", "Common-DotNet\LittleByte.Validation\LittleByte.Validation.csproj", "{615FCFB3-31D4-4294-B08E-7525BD1399D3}"
EndProject
Project("{9A19103F-16F7-4668-BE54-9A1E7A4F7556}") = "LittleByte.Configuration", "Common-DotNet\LittleByte.Configuration\LittleByte.Configuration.csproj", "{4B00EFDC-F683-4601-9376-85C9555CE0F0}"
EndProject
Project("{9A19103F-16F7-4668-BE54-9A1E7A4F7556}") = "LittleByte.Core", "Common-DotNet\LittleByte.Core\LittleByte.Core.csproj", "{D58FEEF2-B0A9-469E-9F66-307EDCADD5FE}"
EndProject
Project("{9A19103F-16F7-4668-BE54-9A1E7A4F7556}") = "LittleByte.Logging", "Common-DotNet\LittleByte.Logging\LittleByte.Logging.csproj", "{93D52415-CF1B-4932-AF30-DC74D49DDC27}"
EndProject
Project("{9A19103F-16F7-4668-BE54-9A1E7A4F7556}") = "LittleByte.Extensions.AspNet", "Common-DotNet\LittleByte.Extensions.AspNet\LittleByte.Extensions.AspNet.csproj", "{181A2114-97A2-4B63-A911-09D876B820A6}"
EndProject
Project("{9A19103F-16F7-4668-BE54-9A1E7A4F7556}") = "LittleByte.Validation.Test", "Common-DotNet\LittleByte.Validation.Test\LittleByte.Validation.Test.csproj", "{E828C7A5-4EBD-4EA5-B4DA-5DE635F7EB11}"
EndProject
Project("{9A19103F-16F7-4668-BE54-9A1E7A4F7556}") = "LittleByte.Identity", "Common-DotNet\LittleByte.Identity\LittleByte.Identity.csproj", "{535F043A-A574-43DD-A9C8-755C68403A14}"
EndProject
Project("{9A19103F-16F7-4668-BE54-9A1E7A4F7556}") = "LittleByte.Infra", "Common-DotNet\LittleByte.Infra\LittleByte.Infra.csproj", "{DE53D130-D963-4134-8A30-B9ED3323C31D}"
EndProject
Project("{2150E333-8FDC-42A3-9474-1A3956D46DE8}") = "Notifications", "Notifications", "{FA261F70-4AD5-4F01-B28D-77A53746608A}"
EndProject
Project("{2150E333-8FDC-42A3-9474-1A3956D46DE8}") = "Source", "Source", "{7A77254C-F283-4952-AE94-A4136EE57C94}"
EndProject
Project("{9A19103F-16F7-4668-BE54-9A1E7A4F7556}") = "Articlib.Notifications.Api", "Notifications\Source\Articlib.Notifications.Api\Articlib.Notifications.Api.csproj", "{E580AEE8-E9B9-4905-B092-5F3613BF2033}"
EndProject
Project("{9A19103F-16F7-4668-BE54-9A1E7A4F7556}") = "LittleByte.Messaging", "Common-DotNet\LittleByte.Messaging\LittleByte.Messaging.csproj", "{3FB05AC9-BAE4-4BA1-BA7F-CAE236909DC2}"
EndProject
Project("{9A19103F-16F7-4668-BE54-9A1E7A4F7556}") = "Articlib.Notifications.Infra", "Notifications\Source\Articlib.Notifications.Infra\Articlib.Notifications.Infra.csproj", "{C0D913FB-50EB-41C4-A270-B2347D55320B}"
EndProject
Project("{9A19103F-16F7-4668-BE54-9A1E7A4F7556}") = "LittleByte.Test.EntityFramework", "Common-DotNet\LittleByte.Test.EntityFramework\LittleByte.Test.EntityFramework.csproj", "{BBDBB6D9-3B50-4B81-AA4A-740A181C9CAF}"
EndProject
Project("{9A19103F-16F7-4668-BE54-9A1E7A4F7556}") = "LittleByte.Extensions.AutoMapper", "Common-DotNet\LittleByte.Extensions.AutoMapper\LittleByte.Extensions.AutoMapper.csproj", "{2E652247-1F77-42FD-B844-56CCC067B10A}"
EndProject
Project("{9A19103F-16F7-4668-BE54-9A1E7A4F7556}") = "LittleByte.Extensions.Pomelo.EntityFrameworkCore.MySql", "Common-DotNet\LittleByte.Extensions.Pomelo.EntityFrameworkCore.MySql\LittleByte.Extensions.Pomelo.EntityFrameworkCore.MySql.csproj", "{5D41BD0D-75F8-4CB2-BB4C-D932616F6839}"
EndProject
Project("{E53339B2-1760-4266-BCC7-CA923CBCF16C}") = "docker-compose", "docker\docker-compose.dcproj", "{2A527402-F7CA-45D3-A135-6FA53AB00A88}"
EndProject
Global
	GlobalSection(SolutionConfigurationPlatforms) = preSolution
		Debug|Any CPU = Debug|Any CPU
		Debug|ARM64 = Debug|ARM64
		Debug|x64 = Debug|x64
		Local|Any CPU = Local|Any CPU
		Local|ARM64 = Local|ARM64
		Local|x64 = Local|x64
		NoVariablesDefault|Any CPU = NoVariablesDefault|Any CPU
		NoVariablesDefault|ARM64 = NoVariablesDefault|ARM64
		NoVariablesDefault|x64 = NoVariablesDefault|x64
		Release|Any CPU = Release|Any CPU
		Release|ARM64 = Release|ARM64
		Release|x64 = Release|x64
	EndGlobalSection
	GlobalSection(ProjectConfigurationPlatforms) = postSolution
		{D749BE43-2098-4395-9491-A962602C289C}.Debug|Any CPU.ActiveCfg = Debug|Any CPU
		{D749BE43-2098-4395-9491-A962602C289C}.Debug|Any CPU.Build.0 = Debug|Any CPU
		{D749BE43-2098-4395-9491-A962602C289C}.Debug|ARM64.ActiveCfg = Debug|ARM64
		{D749BE43-2098-4395-9491-A962602C289C}.Debug|ARM64.Build.0 = Debug|ARM64
		{D749BE43-2098-4395-9491-A962602C289C}.Debug|x64.ActiveCfg = Debug|ARM64
		{D749BE43-2098-4395-9491-A962602C289C}.Debug|x64.Build.0 = Debug|ARM64
		{D749BE43-2098-4395-9491-A962602C289C}.Local|Any CPU.ActiveCfg = Release|ARM64
		{D749BE43-2098-4395-9491-A962602C289C}.Local|Any CPU.Build.0 = Release|ARM64
		{D749BE43-2098-4395-9491-A962602C289C}.Local|ARM64.ActiveCfg = Release|ARM64
		{D749BE43-2098-4395-9491-A962602C289C}.Local|ARM64.Build.0 = Release|ARM64
		{D749BE43-2098-4395-9491-A962602C289C}.Local|x64.ActiveCfg = Release|ARM64
		{D749BE43-2098-4395-9491-A962602C289C}.Local|x64.Build.0 = Release|ARM64
		{D749BE43-2098-4395-9491-A962602C289C}.NoVariablesDefault|Any CPU.ActiveCfg = Release|ARM64
		{D749BE43-2098-4395-9491-A962602C289C}.NoVariablesDefault|Any CPU.Build.0 = Release|ARM64
		{D749BE43-2098-4395-9491-A962602C289C}.NoVariablesDefault|ARM64.ActiveCfg = Release|ARM64
		{D749BE43-2098-4395-9491-A962602C289C}.NoVariablesDefault|ARM64.Build.0 = Release|ARM64
		{D749BE43-2098-4395-9491-A962602C289C}.NoVariablesDefault|x64.ActiveCfg = Release|ARM64
		{D749BE43-2098-4395-9491-A962602C289C}.NoVariablesDefault|x64.Build.0 = Release|ARM64
		{D749BE43-2098-4395-9491-A962602C289C}.Release|Any CPU.ActiveCfg = Release|ARM64
		{D749BE43-2098-4395-9491-A962602C289C}.Release|Any CPU.Build.0 = Release|ARM64
		{D749BE43-2098-4395-9491-A962602C289C}.Release|ARM64.ActiveCfg = Release|ARM64
		{D749BE43-2098-4395-9491-A962602C289C}.Release|ARM64.Build.0 = Release|ARM64
		{D749BE43-2098-4395-9491-A962602C289C}.Release|x64.ActiveCfg = Release|ARM64
		{D749BE43-2098-4395-9491-A962602C289C}.Release|x64.Build.0 = Release|ARM64
		{602A2DF5-AA35-4263-9348-786E7638C6C2}.Debug|Any CPU.ActiveCfg = Debug|Any CPU
		{602A2DF5-AA35-4263-9348-786E7638C6C2}.Debug|Any CPU.Build.0 = Debug|Any CPU
		{602A2DF5-AA35-4263-9348-786E7638C6C2}.Debug|ARM64.ActiveCfg = Debug|ARM64
		{602A2DF5-AA35-4263-9348-786E7638C6C2}.Debug|ARM64.Build.0 = Debug|ARM64
		{602A2DF5-AA35-4263-9348-786E7638C6C2}.Debug|x64.ActiveCfg = Debug|ARM64
		{602A2DF5-AA35-4263-9348-786E7638C6C2}.Debug|x64.Build.0 = Debug|ARM64
		{602A2DF5-AA35-4263-9348-786E7638C6C2}.Local|Any CPU.ActiveCfg = Release|ARM64
		{602A2DF5-AA35-4263-9348-786E7638C6C2}.Local|Any CPU.Build.0 = Release|ARM64
		{602A2DF5-AA35-4263-9348-786E7638C6C2}.Local|ARM64.ActiveCfg = Release|ARM64
		{602A2DF5-AA35-4263-9348-786E7638C6C2}.Local|ARM64.Build.0 = Release|ARM64
		{602A2DF5-AA35-4263-9348-786E7638C6C2}.Local|x64.ActiveCfg = Release|ARM64
		{602A2DF5-AA35-4263-9348-786E7638C6C2}.Local|x64.Build.0 = Release|ARM64
		{602A2DF5-AA35-4263-9348-786E7638C6C2}.NoVariablesDefault|Any CPU.ActiveCfg = Release|ARM64
		{602A2DF5-AA35-4263-9348-786E7638C6C2}.NoVariablesDefault|Any CPU.Build.0 = Release|ARM64
		{602A2DF5-AA35-4263-9348-786E7638C6C2}.NoVariablesDefault|ARM64.ActiveCfg = Release|ARM64
		{602A2DF5-AA35-4263-9348-786E7638C6C2}.NoVariablesDefault|ARM64.Build.0 = Release|ARM64
		{602A2DF5-AA35-4263-9348-786E7638C6C2}.NoVariablesDefault|x64.ActiveCfg = Release|ARM64
		{602A2DF5-AA35-4263-9348-786E7638C6C2}.NoVariablesDefault|x64.Build.0 = Release|ARM64
		{602A2DF5-AA35-4263-9348-786E7638C6C2}.Release|Any CPU.ActiveCfg = Release|ARM64
		{602A2DF5-AA35-4263-9348-786E7638C6C2}.Release|Any CPU.Build.0 = Release|ARM64
		{602A2DF5-AA35-4263-9348-786E7638C6C2}.Release|ARM64.ActiveCfg = Release|ARM64
		{602A2DF5-AA35-4263-9348-786E7638C6C2}.Release|ARM64.Build.0 = Release|ARM64
		{602A2DF5-AA35-4263-9348-786E7638C6C2}.Release|x64.ActiveCfg = Release|ARM64
		{602A2DF5-AA35-4263-9348-786E7638C6C2}.Release|x64.Build.0 = Release|ARM64
		{08B56C4A-08B1-4C4D-9848-E9C338B9734E}.Debug|Any CPU.ActiveCfg = Debug|Any CPU
		{08B56C4A-08B1-4C4D-9848-E9C338B9734E}.Debug|Any CPU.Build.0 = Debug|Any CPU
		{08B56C4A-08B1-4C4D-9848-E9C338B9734E}.Debug|ARM64.ActiveCfg = Debug|ARM64
		{08B56C4A-08B1-4C4D-9848-E9C338B9734E}.Debug|ARM64.Build.0 = Debug|ARM64
		{08B56C4A-08B1-4C4D-9848-E9C338B9734E}.Debug|x64.ActiveCfg = Debug|ARM64
		{08B56C4A-08B1-4C4D-9848-E9C338B9734E}.Debug|x64.Build.0 = Debug|ARM64
		{08B56C4A-08B1-4C4D-9848-E9C338B9734E}.Local|Any CPU.ActiveCfg = Release|ARM64
		{08B56C4A-08B1-4C4D-9848-E9C338B9734E}.Local|Any CPU.Build.0 = Release|ARM64
		{08B56C4A-08B1-4C4D-9848-E9C338B9734E}.Local|ARM64.ActiveCfg = Release|ARM64
		{08B56C4A-08B1-4C4D-9848-E9C338B9734E}.Local|ARM64.Build.0 = Release|ARM64
		{08B56C4A-08B1-4C4D-9848-E9C338B9734E}.Local|x64.ActiveCfg = Release|ARM64
		{08B56C4A-08B1-4C4D-9848-E9C338B9734E}.Local|x64.Build.0 = Release|ARM64
		{08B56C4A-08B1-4C4D-9848-E9C338B9734E}.NoVariablesDefault|Any CPU.ActiveCfg = Release|ARM64
		{08B56C4A-08B1-4C4D-9848-E9C338B9734E}.NoVariablesDefault|Any CPU.Build.0 = Release|ARM64
		{08B56C4A-08B1-4C4D-9848-E9C338B9734E}.NoVariablesDefault|ARM64.ActiveCfg = Release|ARM64
		{08B56C4A-08B1-4C4D-9848-E9C338B9734E}.NoVariablesDefault|ARM64.Build.0 = Release|ARM64
		{08B56C4A-08B1-4C4D-9848-E9C338B9734E}.NoVariablesDefault|x64.ActiveCfg = Release|ARM64
		{08B56C4A-08B1-4C4D-9848-E9C338B9734E}.NoVariablesDefault|x64.Build.0 = Release|ARM64
		{08B56C4A-08B1-4C4D-9848-E9C338B9734E}.Release|Any CPU.ActiveCfg = Release|ARM64
		{08B56C4A-08B1-4C4D-9848-E9C338B9734E}.Release|Any CPU.Build.0 = Release|ARM64
		{08B56C4A-08B1-4C4D-9848-E9C338B9734E}.Release|ARM64.ActiveCfg = Release|ARM64
		{08B56C4A-08B1-4C4D-9848-E9C338B9734E}.Release|ARM64.Build.0 = Release|ARM64
		{08B56C4A-08B1-4C4D-9848-E9C338B9734E}.Release|x64.ActiveCfg = Release|ARM64
		{08B56C4A-08B1-4C4D-9848-E9C338B9734E}.Release|x64.Build.0 = Release|ARM64
		{8154FF17-DCF7-4BF3-8247-A56D72CE1F61}.Debug|Any CPU.ActiveCfg = Debug|Any CPU
		{8154FF17-DCF7-4BF3-8247-A56D72CE1F61}.Debug|Any CPU.Build.0 = Debug|Any CPU
		{8154FF17-DCF7-4BF3-8247-A56D72CE1F61}.Debug|ARM64.ActiveCfg = Debug|ARM64
		{8154FF17-DCF7-4BF3-8247-A56D72CE1F61}.Debug|ARM64.Build.0 = Debug|ARM64
		{8154FF17-DCF7-4BF3-8247-A56D72CE1F61}.Debug|x64.ActiveCfg = Debug|ARM64
		{8154FF17-DCF7-4BF3-8247-A56D72CE1F61}.Debug|x64.Build.0 = Debug|ARM64
		{8154FF17-DCF7-4BF3-8247-A56D72CE1F61}.Local|Any CPU.ActiveCfg = Release|ARM64
		{8154FF17-DCF7-4BF3-8247-A56D72CE1F61}.Local|Any CPU.Build.0 = Release|ARM64
		{8154FF17-DCF7-4BF3-8247-A56D72CE1F61}.Local|ARM64.ActiveCfg = Release|ARM64
		{8154FF17-DCF7-4BF3-8247-A56D72CE1F61}.Local|ARM64.Build.0 = Release|ARM64
		{8154FF17-DCF7-4BF3-8247-A56D72CE1F61}.Local|x64.ActiveCfg = Release|ARM64
		{8154FF17-DCF7-4BF3-8247-A56D72CE1F61}.Local|x64.Build.0 = Release|ARM64
		{8154FF17-DCF7-4BF3-8247-A56D72CE1F61}.NoVariablesDefault|Any CPU.ActiveCfg = Release|ARM64
		{8154FF17-DCF7-4BF3-8247-A56D72CE1F61}.NoVariablesDefault|Any CPU.Build.0 = Release|ARM64
		{8154FF17-DCF7-4BF3-8247-A56D72CE1F61}.NoVariablesDefault|ARM64.ActiveCfg = Release|ARM64
		{8154FF17-DCF7-4BF3-8247-A56D72CE1F61}.NoVariablesDefault|ARM64.Build.0 = Release|ARM64
		{8154FF17-DCF7-4BF3-8247-A56D72CE1F61}.NoVariablesDefault|x64.ActiveCfg = Release|ARM64
		{8154FF17-DCF7-4BF3-8247-A56D72CE1F61}.NoVariablesDefault|x64.Build.0 = Release|ARM64
		{8154FF17-DCF7-4BF3-8247-A56D72CE1F61}.Release|Any CPU.ActiveCfg = Release|ARM64
		{8154FF17-DCF7-4BF3-8247-A56D72CE1F61}.Release|ARM64.ActiveCfg = Release|ARM64
		{8154FF17-DCF7-4BF3-8247-A56D72CE1F61}.Release|ARM64.Build.0 = Release|ARM64
		{8154FF17-DCF7-4BF3-8247-A56D72CE1F61}.Release|x64.ActiveCfg = Release|ARM64
		{FA22F3F6-0E5A-4C4C-911F-F5AD54530FD9}.Debug|Any CPU.ActiveCfg = Debug|Any CPU
		{FA22F3F6-0E5A-4C4C-911F-F5AD54530FD9}.Debug|Any CPU.Build.0 = Debug|Any CPU
		{FA22F3F6-0E5A-4C4C-911F-F5AD54530FD9}.Debug|ARM64.ActiveCfg = Debug|ARM64
		{FA22F3F6-0E5A-4C4C-911F-F5AD54530FD9}.Debug|ARM64.Build.0 = Debug|ARM64
		{FA22F3F6-0E5A-4C4C-911F-F5AD54530FD9}.Debug|x64.ActiveCfg = Debug|ARM64
		{FA22F3F6-0E5A-4C4C-911F-F5AD54530FD9}.Debug|x64.Build.0 = Debug|ARM64
		{FA22F3F6-0E5A-4C4C-911F-F5AD54530FD9}.Local|Any CPU.ActiveCfg = Debug|ARM64
		{FA22F3F6-0E5A-4C4C-911F-F5AD54530FD9}.Local|Any CPU.Build.0 = Debug|ARM64
		{FA22F3F6-0E5A-4C4C-911F-F5AD54530FD9}.Local|ARM64.ActiveCfg = Debug|ARM64
		{FA22F3F6-0E5A-4C4C-911F-F5AD54530FD9}.Local|ARM64.Build.0 = Debug|ARM64
		{FA22F3F6-0E5A-4C4C-911F-F5AD54530FD9}.Local|x64.ActiveCfg = Debug|ARM64
		{FA22F3F6-0E5A-4C4C-911F-F5AD54530FD9}.Local|x64.Build.0 = Debug|ARM64
		{FA22F3F6-0E5A-4C4C-911F-F5AD54530FD9}.NoVariablesDefault|Any CPU.ActiveCfg = Release|ARM64
		{FA22F3F6-0E5A-4C4C-911F-F5AD54530FD9}.NoVariablesDefault|Any CPU.Build.0 = Release|ARM64
		{FA22F3F6-0E5A-4C4C-911F-F5AD54530FD9}.NoVariablesDefault|ARM64.ActiveCfg = Release|ARM64
		{FA22F3F6-0E5A-4C4C-911F-F5AD54530FD9}.NoVariablesDefault|ARM64.Build.0 = Release|ARM64
		{FA22F3F6-0E5A-4C4C-911F-F5AD54530FD9}.NoVariablesDefault|x64.ActiveCfg = Release|ARM64
		{FA22F3F6-0E5A-4C4C-911F-F5AD54530FD9}.NoVariablesDefault|x64.Build.0 = Release|ARM64
		{FA22F3F6-0E5A-4C4C-911F-F5AD54530FD9}.Release|Any CPU.ActiveCfg = Release|ARM64
		{FA22F3F6-0E5A-4C4C-911F-F5AD54530FD9}.Release|Any CPU.Build.0 = Release|ARM64
		{FA22F3F6-0E5A-4C4C-911F-F5AD54530FD9}.Release|ARM64.ActiveCfg = Release|ARM64
		{FA22F3F6-0E5A-4C4C-911F-F5AD54530FD9}.Release|ARM64.Build.0 = Release|ARM64
		{FA22F3F6-0E5A-4C4C-911F-F5AD54530FD9}.Release|x64.ActiveCfg = Release|ARM64
		{FA22F3F6-0E5A-4C4C-911F-F5AD54530FD9}.Release|x64.Build.0 = Release|ARM64
		{D5841C30-9E1B-4643-9E85-12FDEEE73E0A}.Debug|Any CPU.ActiveCfg = Debug|Any CPU
		{D5841C30-9E1B-4643-9E85-12FDEEE73E0A}.Debug|Any CPU.Build.0 = Debug|Any CPU
		{D5841C30-9E1B-4643-9E85-12FDEEE73E0A}.Debug|ARM64.ActiveCfg = Debug|Any CPU
		{D5841C30-9E1B-4643-9E85-12FDEEE73E0A}.Debug|ARM64.Build.0 = Debug|Any CPU
		{D5841C30-9E1B-4643-9E85-12FDEEE73E0A}.Debug|x64.ActiveCfg = Debug|Any CPU
		{D5841C30-9E1B-4643-9E85-12FDEEE73E0A}.Debug|x64.Build.0 = Debug|Any CPU
		{D5841C30-9E1B-4643-9E85-12FDEEE73E0A}.Local|Any CPU.ActiveCfg = Local|Any CPU
		{D5841C30-9E1B-4643-9E85-12FDEEE73E0A}.Local|Any CPU.Build.0 = Local|Any CPU
		{D5841C30-9E1B-4643-9E85-12FDEEE73E0A}.Local|ARM64.ActiveCfg = Local|Any CPU
		{D5841C30-9E1B-4643-9E85-12FDEEE73E0A}.Local|ARM64.Build.0 = Local|Any CPU
		{D5841C30-9E1B-4643-9E85-12FDEEE73E0A}.Local|x64.ActiveCfg = Local|Any CPU
		{D5841C30-9E1B-4643-9E85-12FDEEE73E0A}.Local|x64.Build.0 = Local|Any CPU
		{D5841C30-9E1B-4643-9E85-12FDEEE73E0A}.NoVariablesDefault|Any CPU.ActiveCfg = Release|Any CPU
		{D5841C30-9E1B-4643-9E85-12FDEEE73E0A}.NoVariablesDefault|Any CPU.Build.0 = Release|Any CPU
		{D5841C30-9E1B-4643-9E85-12FDEEE73E0A}.NoVariablesDefault|ARM64.ActiveCfg = Release|Any CPU
		{D5841C30-9E1B-4643-9E85-12FDEEE73E0A}.NoVariablesDefault|ARM64.Build.0 = Release|Any CPU
		{D5841C30-9E1B-4643-9E85-12FDEEE73E0A}.NoVariablesDefault|x64.ActiveCfg = Release|Any CPU
		{D5841C30-9E1B-4643-9E85-12FDEEE73E0A}.NoVariablesDefault|x64.Build.0 = Release|Any CPU
		{D5841C30-9E1B-4643-9E85-12FDEEE73E0A}.Release|Any CPU.ActiveCfg = Release|Any CPU
		{D5841C30-9E1B-4643-9E85-12FDEEE73E0A}.Release|Any CPU.Build.0 = Release|Any CPU
		{D5841C30-9E1B-4643-9E85-12FDEEE73E0A}.Release|ARM64.ActiveCfg = Release|Any CPU
		{D5841C30-9E1B-4643-9E85-12FDEEE73E0A}.Release|ARM64.Build.0 = Release|Any CPU
		{D5841C30-9E1B-4643-9E85-12FDEEE73E0A}.Release|x64.ActiveCfg = Release|Any CPU
		{D5841C30-9E1B-4643-9E85-12FDEEE73E0A}.Release|x64.Build.0 = Release|Any CPU
		{615FCFB3-31D4-4294-B08E-7525BD1399D3}.Debug|Any CPU.ActiveCfg = Debug|Any CPU
		{615FCFB3-31D4-4294-B08E-7525BD1399D3}.Debug|Any CPU.Build.0 = Debug|Any CPU
		{615FCFB3-31D4-4294-B08E-7525BD1399D3}.Debug|ARM64.ActiveCfg = Debug|Any CPU
		{615FCFB3-31D4-4294-B08E-7525BD1399D3}.Debug|ARM64.Build.0 = Debug|Any CPU
		{615FCFB3-31D4-4294-B08E-7525BD1399D3}.Debug|x64.ActiveCfg = Debug|Any CPU
		{615FCFB3-31D4-4294-B08E-7525BD1399D3}.Debug|x64.Build.0 = Debug|Any CPU
		{615FCFB3-31D4-4294-B08E-7525BD1399D3}.Local|Any CPU.ActiveCfg = Local|Any CPU
		{615FCFB3-31D4-4294-B08E-7525BD1399D3}.Local|Any CPU.Build.0 = Local|Any CPU
		{615FCFB3-31D4-4294-B08E-7525BD1399D3}.Local|ARM64.ActiveCfg = Local|Any CPU
		{615FCFB3-31D4-4294-B08E-7525BD1399D3}.Local|ARM64.Build.0 = Local|Any CPU
		{615FCFB3-31D4-4294-B08E-7525BD1399D3}.Local|x64.ActiveCfg = Local|Any CPU
		{615FCFB3-31D4-4294-B08E-7525BD1399D3}.Local|x64.Build.0 = Local|Any CPU
		{615FCFB3-31D4-4294-B08E-7525BD1399D3}.NoVariablesDefault|Any CPU.ActiveCfg = Release|Any CPU
		{615FCFB3-31D4-4294-B08E-7525BD1399D3}.NoVariablesDefault|Any CPU.Build.0 = Release|Any CPU
		{615FCFB3-31D4-4294-B08E-7525BD1399D3}.NoVariablesDefault|ARM64.ActiveCfg = Release|Any CPU
		{615FCFB3-31D4-4294-B08E-7525BD1399D3}.NoVariablesDefault|ARM64.Build.0 = Release|Any CPU
		{615FCFB3-31D4-4294-B08E-7525BD1399D3}.NoVariablesDefault|x64.ActiveCfg = Release|Any CPU
		{615FCFB3-31D4-4294-B08E-7525BD1399D3}.NoVariablesDefault|x64.Build.0 = Release|Any CPU
		{615FCFB3-31D4-4294-B08E-7525BD1399D3}.Release|Any CPU.ActiveCfg = Release|Any CPU
		{615FCFB3-31D4-4294-B08E-7525BD1399D3}.Release|Any CPU.Build.0 = Release|Any CPU
		{615FCFB3-31D4-4294-B08E-7525BD1399D3}.Release|ARM64.ActiveCfg = Release|Any CPU
		{615FCFB3-31D4-4294-B08E-7525BD1399D3}.Release|ARM64.Build.0 = Release|Any CPU
		{615FCFB3-31D4-4294-B08E-7525BD1399D3}.Release|x64.ActiveCfg = Release|Any CPU
		{615FCFB3-31D4-4294-B08E-7525BD1399D3}.Release|x64.Build.0 = Release|Any CPU
		{4B00EFDC-F683-4601-9376-85C9555CE0F0}.Debug|Any CPU.ActiveCfg = Debug|Any CPU
		{4B00EFDC-F683-4601-9376-85C9555CE0F0}.Debug|Any CPU.Build.0 = Debug|Any CPU
		{4B00EFDC-F683-4601-9376-85C9555CE0F0}.Debug|ARM64.ActiveCfg = Debug|Any CPU
		{4B00EFDC-F683-4601-9376-85C9555CE0F0}.Debug|ARM64.Build.0 = Debug|Any CPU
		{4B00EFDC-F683-4601-9376-85C9555CE0F0}.Debug|x64.ActiveCfg = Debug|Any CPU
		{4B00EFDC-F683-4601-9376-85C9555CE0F0}.Debug|x64.Build.0 = Debug|Any CPU
		{4B00EFDC-F683-4601-9376-85C9555CE0F0}.Local|Any CPU.ActiveCfg = Local|Any CPU
		{4B00EFDC-F683-4601-9376-85C9555CE0F0}.Local|Any CPU.Build.0 = Local|Any CPU
		{4B00EFDC-F683-4601-9376-85C9555CE0F0}.Local|ARM64.ActiveCfg = Local|Any CPU
		{4B00EFDC-F683-4601-9376-85C9555CE0F0}.Local|ARM64.Build.0 = Local|Any CPU
		{4B00EFDC-F683-4601-9376-85C9555CE0F0}.Local|x64.ActiveCfg = Local|Any CPU
		{4B00EFDC-F683-4601-9376-85C9555CE0F0}.Local|x64.Build.0 = Local|Any CPU
		{4B00EFDC-F683-4601-9376-85C9555CE0F0}.NoVariablesDefault|Any CPU.ActiveCfg = Release|Any CPU
		{4B00EFDC-F683-4601-9376-85C9555CE0F0}.NoVariablesDefault|Any CPU.Build.0 = Release|Any CPU
		{4B00EFDC-F683-4601-9376-85C9555CE0F0}.NoVariablesDefault|ARM64.ActiveCfg = Release|Any CPU
		{4B00EFDC-F683-4601-9376-85C9555CE0F0}.NoVariablesDefault|ARM64.Build.0 = Release|Any CPU
		{4B00EFDC-F683-4601-9376-85C9555CE0F0}.NoVariablesDefault|x64.ActiveCfg = Release|Any CPU
		{4B00EFDC-F683-4601-9376-85C9555CE0F0}.NoVariablesDefault|x64.Build.0 = Release|Any CPU
		{4B00EFDC-F683-4601-9376-85C9555CE0F0}.Release|Any CPU.ActiveCfg = Release|Any CPU
		{4B00EFDC-F683-4601-9376-85C9555CE0F0}.Release|Any CPU.Build.0 = Release|Any CPU
		{4B00EFDC-F683-4601-9376-85C9555CE0F0}.Release|ARM64.ActiveCfg = Release|Any CPU
		{4B00EFDC-F683-4601-9376-85C9555CE0F0}.Release|ARM64.Build.0 = Release|Any CPU
		{4B00EFDC-F683-4601-9376-85C9555CE0F0}.Release|x64.ActiveCfg = Release|Any CPU
		{4B00EFDC-F683-4601-9376-85C9555CE0F0}.Release|x64.Build.0 = Release|Any CPU
		{D58FEEF2-B0A9-469E-9F66-307EDCADD5FE}.Debug|Any CPU.ActiveCfg = Debug|Any CPU
		{D58FEEF2-B0A9-469E-9F66-307EDCADD5FE}.Debug|Any CPU.Build.0 = Debug|Any CPU
		{D58FEEF2-B0A9-469E-9F66-307EDCADD5FE}.Debug|ARM64.ActiveCfg = Debug|Any CPU
		{D58FEEF2-B0A9-469E-9F66-307EDCADD5FE}.Debug|ARM64.Build.0 = Debug|Any CPU
		{D58FEEF2-B0A9-469E-9F66-307EDCADD5FE}.Debug|x64.ActiveCfg = Debug|Any CPU
		{D58FEEF2-B0A9-469E-9F66-307EDCADD5FE}.Debug|x64.Build.0 = Debug|Any CPU
		{D58FEEF2-B0A9-469E-9F66-307EDCADD5FE}.Local|Any CPU.ActiveCfg = Local|Any CPU
		{D58FEEF2-B0A9-469E-9F66-307EDCADD5FE}.Local|Any CPU.Build.0 = Local|Any CPU
		{D58FEEF2-B0A9-469E-9F66-307EDCADD5FE}.Local|ARM64.ActiveCfg = Local|Any CPU
		{D58FEEF2-B0A9-469E-9F66-307EDCADD5FE}.Local|ARM64.Build.0 = Local|Any CPU
		{D58FEEF2-B0A9-469E-9F66-307EDCADD5FE}.Local|x64.ActiveCfg = Local|Any CPU
		{D58FEEF2-B0A9-469E-9F66-307EDCADD5FE}.Local|x64.Build.0 = Local|Any CPU
		{D58FEEF2-B0A9-469E-9F66-307EDCADD5FE}.NoVariablesDefault|Any CPU.ActiveCfg = Release|Any CPU
		{D58FEEF2-B0A9-469E-9F66-307EDCADD5FE}.NoVariablesDefault|Any CPU.Build.0 = Release|Any CPU
		{D58FEEF2-B0A9-469E-9F66-307EDCADD5FE}.NoVariablesDefault|ARM64.ActiveCfg = Release|Any CPU
		{D58FEEF2-B0A9-469E-9F66-307EDCADD5FE}.NoVariablesDefault|ARM64.Build.0 = Release|Any CPU
		{D58FEEF2-B0A9-469E-9F66-307EDCADD5FE}.NoVariablesDefault|x64.ActiveCfg = Release|Any CPU
		{D58FEEF2-B0A9-469E-9F66-307EDCADD5FE}.NoVariablesDefault|x64.Build.0 = Release|Any CPU
		{D58FEEF2-B0A9-469E-9F66-307EDCADD5FE}.Release|Any CPU.ActiveCfg = Release|Any CPU
		{D58FEEF2-B0A9-469E-9F66-307EDCADD5FE}.Release|Any CPU.Build.0 = Release|Any CPU
		{D58FEEF2-B0A9-469E-9F66-307EDCADD5FE}.Release|ARM64.ActiveCfg = Release|Any CPU
		{D58FEEF2-B0A9-469E-9F66-307EDCADD5FE}.Release|ARM64.Build.0 = Release|Any CPU
		{D58FEEF2-B0A9-469E-9F66-307EDCADD5FE}.Release|x64.ActiveCfg = Release|Any CPU
		{D58FEEF2-B0A9-469E-9F66-307EDCADD5FE}.Release|x64.Build.0 = Release|Any CPU
		{93D52415-CF1B-4932-AF30-DC74D49DDC27}.Debug|Any CPU.ActiveCfg = Debug|Any CPU
		{93D52415-CF1B-4932-AF30-DC74D49DDC27}.Debug|Any CPU.Build.0 = Debug|Any CPU
		{93D52415-CF1B-4932-AF30-DC74D49DDC27}.Debug|ARM64.ActiveCfg = Debug|Any CPU
		{93D52415-CF1B-4932-AF30-DC74D49DDC27}.Debug|ARM64.Build.0 = Debug|Any CPU
		{93D52415-CF1B-4932-AF30-DC74D49DDC27}.Debug|x64.ActiveCfg = Debug|Any CPU
		{93D52415-CF1B-4932-AF30-DC74D49DDC27}.Debug|x64.Build.0 = Debug|Any CPU
		{93D52415-CF1B-4932-AF30-DC74D49DDC27}.Local|Any CPU.ActiveCfg = Local|Any CPU
		{93D52415-CF1B-4932-AF30-DC74D49DDC27}.Local|Any CPU.Build.0 = Local|Any CPU
		{93D52415-CF1B-4932-AF30-DC74D49DDC27}.Local|ARM64.ActiveCfg = Local|Any CPU
		{93D52415-CF1B-4932-AF30-DC74D49DDC27}.Local|ARM64.Build.0 = Local|Any CPU
		{93D52415-CF1B-4932-AF30-DC74D49DDC27}.Local|x64.ActiveCfg = Local|Any CPU
		{93D52415-CF1B-4932-AF30-DC74D49DDC27}.Local|x64.Build.0 = Local|Any CPU
		{93D52415-CF1B-4932-AF30-DC74D49DDC27}.NoVariablesDefault|Any CPU.ActiveCfg = Release|Any CPU
		{93D52415-CF1B-4932-AF30-DC74D49DDC27}.NoVariablesDefault|Any CPU.Build.0 = Release|Any CPU
		{93D52415-CF1B-4932-AF30-DC74D49DDC27}.NoVariablesDefault|ARM64.ActiveCfg = Release|Any CPU
		{93D52415-CF1B-4932-AF30-DC74D49DDC27}.NoVariablesDefault|ARM64.Build.0 = Release|Any CPU
		{93D52415-CF1B-4932-AF30-DC74D49DDC27}.NoVariablesDefault|x64.ActiveCfg = Release|Any CPU
		{93D52415-CF1B-4932-AF30-DC74D49DDC27}.NoVariablesDefault|x64.Build.0 = Release|Any CPU
		{93D52415-CF1B-4932-AF30-DC74D49DDC27}.Release|Any CPU.ActiveCfg = Release|Any CPU
		{93D52415-CF1B-4932-AF30-DC74D49DDC27}.Release|Any CPU.Build.0 = Release|Any CPU
		{93D52415-CF1B-4932-AF30-DC74D49DDC27}.Release|ARM64.ActiveCfg = Release|Any CPU
		{93D52415-CF1B-4932-AF30-DC74D49DDC27}.Release|ARM64.Build.0 = Release|Any CPU
		{93D52415-CF1B-4932-AF30-DC74D49DDC27}.Release|x64.ActiveCfg = Release|Any CPU
		{93D52415-CF1B-4932-AF30-DC74D49DDC27}.Release|x64.Build.0 = Release|Any CPU
		{181A2114-97A2-4B63-A911-09D876B820A6}.Debug|Any CPU.ActiveCfg = Debug|Any CPU
		{181A2114-97A2-4B63-A911-09D876B820A6}.Debug|Any CPU.Build.0 = Debug|Any CPU
		{181A2114-97A2-4B63-A911-09D876B820A6}.Debug|ARM64.ActiveCfg = Debug|Any CPU
		{181A2114-97A2-4B63-A911-09D876B820A6}.Debug|ARM64.Build.0 = Debug|Any CPU
		{181A2114-97A2-4B63-A911-09D876B820A6}.Debug|x64.ActiveCfg = Debug|Any CPU
		{181A2114-97A2-4B63-A911-09D876B820A6}.Debug|x64.Build.0 = Debug|Any CPU
		{181A2114-97A2-4B63-A911-09D876B820A6}.Local|Any CPU.ActiveCfg = Local|Any CPU
		{181A2114-97A2-4B63-A911-09D876B820A6}.Local|Any CPU.Build.0 = Local|Any CPU
		{181A2114-97A2-4B63-A911-09D876B820A6}.Local|ARM64.ActiveCfg = Local|Any CPU
		{181A2114-97A2-4B63-A911-09D876B820A6}.Local|ARM64.Build.0 = Local|Any CPU
		{181A2114-97A2-4B63-A911-09D876B820A6}.Local|x64.ActiveCfg = Local|Any CPU
		{181A2114-97A2-4B63-A911-09D876B820A6}.Local|x64.Build.0 = Local|Any CPU
		{181A2114-97A2-4B63-A911-09D876B820A6}.NoVariablesDefault|Any CPU.ActiveCfg = Release|Any CPU
		{181A2114-97A2-4B63-A911-09D876B820A6}.NoVariablesDefault|Any CPU.Build.0 = Release|Any CPU
		{181A2114-97A2-4B63-A911-09D876B820A6}.NoVariablesDefault|ARM64.ActiveCfg = Release|Any CPU
		{181A2114-97A2-4B63-A911-09D876B820A6}.NoVariablesDefault|ARM64.Build.0 = Release|Any CPU
		{181A2114-97A2-4B63-A911-09D876B820A6}.NoVariablesDefault|x64.ActiveCfg = Release|Any CPU
		{181A2114-97A2-4B63-A911-09D876B820A6}.NoVariablesDefault|x64.Build.0 = Release|Any CPU
		{181A2114-97A2-4B63-A911-09D876B820A6}.Release|Any CPU.ActiveCfg = Release|Any CPU
		{181A2114-97A2-4B63-A911-09D876B820A6}.Release|Any CPU.Build.0 = Release|Any CPU
		{181A2114-97A2-4B63-A911-09D876B820A6}.Release|ARM64.ActiveCfg = Release|Any CPU
		{181A2114-97A2-4B63-A911-09D876B820A6}.Release|ARM64.Build.0 = Release|Any CPU
		{181A2114-97A2-4B63-A911-09D876B820A6}.Release|x64.ActiveCfg = Release|Any CPU
		{181A2114-97A2-4B63-A911-09D876B820A6}.Release|x64.Build.0 = Release|Any CPU
		{E828C7A5-4EBD-4EA5-B4DA-5DE635F7EB11}.Debug|Any CPU.ActiveCfg = Debug|Any CPU
		{E828C7A5-4EBD-4EA5-B4DA-5DE635F7EB11}.Debug|Any CPU.Build.0 = Debug|Any CPU
		{E828C7A5-4EBD-4EA5-B4DA-5DE635F7EB11}.Debug|ARM64.ActiveCfg = Debug|Any CPU
		{E828C7A5-4EBD-4EA5-B4DA-5DE635F7EB11}.Debug|ARM64.Build.0 = Debug|Any CPU
		{E828C7A5-4EBD-4EA5-B4DA-5DE635F7EB11}.Debug|x64.ActiveCfg = Debug|Any CPU
		{E828C7A5-4EBD-4EA5-B4DA-5DE635F7EB11}.Debug|x64.Build.0 = Debug|Any CPU
		{E828C7A5-4EBD-4EA5-B4DA-5DE635F7EB11}.Local|Any CPU.ActiveCfg = Local|Any CPU
		{E828C7A5-4EBD-4EA5-B4DA-5DE635F7EB11}.Local|Any CPU.Build.0 = Local|Any CPU
		{E828C7A5-4EBD-4EA5-B4DA-5DE635F7EB11}.Local|ARM64.ActiveCfg = Local|Any CPU
		{E828C7A5-4EBD-4EA5-B4DA-5DE635F7EB11}.Local|ARM64.Build.0 = Local|Any CPU
		{E828C7A5-4EBD-4EA5-B4DA-5DE635F7EB11}.Local|x64.ActiveCfg = Local|Any CPU
		{E828C7A5-4EBD-4EA5-B4DA-5DE635F7EB11}.Local|x64.Build.0 = Local|Any CPU
		{E828C7A5-4EBD-4EA5-B4DA-5DE635F7EB11}.NoVariablesDefault|Any CPU.ActiveCfg = Release|Any CPU
		{E828C7A5-4EBD-4EA5-B4DA-5DE635F7EB11}.NoVariablesDefault|Any CPU.Build.0 = Release|Any CPU
		{E828C7A5-4EBD-4EA5-B4DA-5DE635F7EB11}.NoVariablesDefault|ARM64.ActiveCfg = Release|Any CPU
		{E828C7A5-4EBD-4EA5-B4DA-5DE635F7EB11}.NoVariablesDefault|ARM64.Build.0 = Release|Any CPU
		{E828C7A5-4EBD-4EA5-B4DA-5DE635F7EB11}.NoVariablesDefault|x64.ActiveCfg = Release|Any CPU
		{E828C7A5-4EBD-4EA5-B4DA-5DE635F7EB11}.NoVariablesDefault|x64.Build.0 = Release|Any CPU
		{E828C7A5-4EBD-4EA5-B4DA-5DE635F7EB11}.Release|Any CPU.ActiveCfg = Release|Any CPU
		{E828C7A5-4EBD-4EA5-B4DA-5DE635F7EB11}.Release|Any CPU.Build.0 = Release|Any CPU
		{E828C7A5-4EBD-4EA5-B4DA-5DE635F7EB11}.Release|ARM64.ActiveCfg = Release|Any CPU
		{E828C7A5-4EBD-4EA5-B4DA-5DE635F7EB11}.Release|ARM64.Build.0 = Release|Any CPU
		{E828C7A5-4EBD-4EA5-B4DA-5DE635F7EB11}.Release|x64.ActiveCfg = Release|Any CPU
		{E828C7A5-4EBD-4EA5-B4DA-5DE635F7EB11}.Release|x64.Build.0 = Release|Any CPU
		{535F043A-A574-43DD-A9C8-755C68403A14}.Debug|Any CPU.ActiveCfg = Debug|Any CPU
		{535F043A-A574-43DD-A9C8-755C68403A14}.Debug|Any CPU.Build.0 = Debug|Any CPU
		{535F043A-A574-43DD-A9C8-755C68403A14}.Debug|ARM64.ActiveCfg = Debug|Any CPU
		{535F043A-A574-43DD-A9C8-755C68403A14}.Debug|ARM64.Build.0 = Debug|Any CPU
		{535F043A-A574-43DD-A9C8-755C68403A14}.Debug|x64.ActiveCfg = Debug|Any CPU
		{535F043A-A574-43DD-A9C8-755C68403A14}.Debug|x64.Build.0 = Debug|Any CPU
		{535F043A-A574-43DD-A9C8-755C68403A14}.Local|Any CPU.ActiveCfg = Local|Any CPU
		{535F043A-A574-43DD-A9C8-755C68403A14}.Local|Any CPU.Build.0 = Local|Any CPU
		{535F043A-A574-43DD-A9C8-755C68403A14}.Local|ARM64.ActiveCfg = Local|Any CPU
		{535F043A-A574-43DD-A9C8-755C68403A14}.Local|ARM64.Build.0 = Local|Any CPU
		{535F043A-A574-43DD-A9C8-755C68403A14}.Local|x64.ActiveCfg = Local|Any CPU
		{535F043A-A574-43DD-A9C8-755C68403A14}.Local|x64.Build.0 = Local|Any CPU
		{535F043A-A574-43DD-A9C8-755C68403A14}.NoVariablesDefault|Any CPU.ActiveCfg = Release|Any CPU
		{535F043A-A574-43DD-A9C8-755C68403A14}.NoVariablesDefault|Any CPU.Build.0 = Release|Any CPU
		{535F043A-A574-43DD-A9C8-755C68403A14}.NoVariablesDefault|ARM64.ActiveCfg = Release|Any CPU
		{535F043A-A574-43DD-A9C8-755C68403A14}.NoVariablesDefault|ARM64.Build.0 = Release|Any CPU
		{535F043A-A574-43DD-A9C8-755C68403A14}.NoVariablesDefault|x64.ActiveCfg = Release|Any CPU
		{535F043A-A574-43DD-A9C8-755C68403A14}.NoVariablesDefault|x64.Build.0 = Release|Any CPU
		{535F043A-A574-43DD-A9C8-755C68403A14}.Release|Any CPU.ActiveCfg = Release|Any CPU
		{535F043A-A574-43DD-A9C8-755C68403A14}.Release|Any CPU.Build.0 = Release|Any CPU
		{535F043A-A574-43DD-A9C8-755C68403A14}.Release|ARM64.ActiveCfg = Release|Any CPU
		{535F043A-A574-43DD-A9C8-755C68403A14}.Release|ARM64.Build.0 = Release|Any CPU
		{535F043A-A574-43DD-A9C8-755C68403A14}.Release|x64.ActiveCfg = Release|Any CPU
		{535F043A-A574-43DD-A9C8-755C68403A14}.Release|x64.Build.0 = Release|Any CPU
		{DE53D130-D963-4134-8A30-B9ED3323C31D}.Debug|Any CPU.ActiveCfg = Debug|Any CPU
		{DE53D130-D963-4134-8A30-B9ED3323C31D}.Debug|Any CPU.Build.0 = Debug|Any CPU
		{DE53D130-D963-4134-8A30-B9ED3323C31D}.Debug|ARM64.ActiveCfg = Debug|Any CPU
		{DE53D130-D963-4134-8A30-B9ED3323C31D}.Debug|ARM64.Build.0 = Debug|Any CPU
		{DE53D130-D963-4134-8A30-B9ED3323C31D}.Debug|x64.ActiveCfg = Debug|Any CPU
		{DE53D130-D963-4134-8A30-B9ED3323C31D}.Debug|x64.Build.0 = Debug|Any CPU
		{DE53D130-D963-4134-8A30-B9ED3323C31D}.Local|Any CPU.ActiveCfg = Local|Any CPU
		{DE53D130-D963-4134-8A30-B9ED3323C31D}.Local|Any CPU.Build.0 = Local|Any CPU
		{DE53D130-D963-4134-8A30-B9ED3323C31D}.Local|ARM64.ActiveCfg = Local|Any CPU
		{DE53D130-D963-4134-8A30-B9ED3323C31D}.Local|ARM64.Build.0 = Local|Any CPU
		{DE53D130-D963-4134-8A30-B9ED3323C31D}.Local|x64.ActiveCfg = Local|Any CPU
		{DE53D130-D963-4134-8A30-B9ED3323C31D}.Local|x64.Build.0 = Local|Any CPU
		{DE53D130-D963-4134-8A30-B9ED3323C31D}.NoVariablesDefault|Any CPU.ActiveCfg = Release|Any CPU
		{DE53D130-D963-4134-8A30-B9ED3323C31D}.NoVariablesDefault|Any CPU.Build.0 = Release|Any CPU
		{DE53D130-D963-4134-8A30-B9ED3323C31D}.NoVariablesDefault|ARM64.ActiveCfg = Release|Any CPU
		{DE53D130-D963-4134-8A30-B9ED3323C31D}.NoVariablesDefault|ARM64.Build.0 = Release|Any CPU
		{DE53D130-D963-4134-8A30-B9ED3323C31D}.NoVariablesDefault|x64.ActiveCfg = Release|Any CPU
		{DE53D130-D963-4134-8A30-B9ED3323C31D}.NoVariablesDefault|x64.Build.0 = Release|Any CPU
		{DE53D130-D963-4134-8A30-B9ED3323C31D}.Release|Any CPU.ActiveCfg = Release|Any CPU
		{DE53D130-D963-4134-8A30-B9ED3323C31D}.Release|Any CPU.Build.0 = Release|Any CPU
		{DE53D130-D963-4134-8A30-B9ED3323C31D}.Release|ARM64.ActiveCfg = Release|Any CPU
		{DE53D130-D963-4134-8A30-B9ED3323C31D}.Release|ARM64.Build.0 = Release|Any CPU
		{DE53D130-D963-4134-8A30-B9ED3323C31D}.Release|x64.ActiveCfg = Release|Any CPU
		{DE53D130-D963-4134-8A30-B9ED3323C31D}.Release|x64.Build.0 = Release|Any CPU
		{E580AEE8-E9B9-4905-B092-5F3613BF2033}.Debug|Any CPU.ActiveCfg = Debug|Any CPU
		{E580AEE8-E9B9-4905-B092-5F3613BF2033}.Debug|Any CPU.Build.0 = Debug|Any CPU
		{E580AEE8-E9B9-4905-B092-5F3613BF2033}.Debug|ARM64.ActiveCfg = Debug|ARM64
		{E580AEE8-E9B9-4905-B092-5F3613BF2033}.Debug|ARM64.Build.0 = Debug|ARM64
		{E580AEE8-E9B9-4905-B092-5F3613BF2033}.Debug|x64.ActiveCfg = Debug|ARM64
		{E580AEE8-E9B9-4905-B092-5F3613BF2033}.Debug|x64.Build.0 = Debug|ARM64
		{E580AEE8-E9B9-4905-B092-5F3613BF2033}.Local|Any CPU.ActiveCfg = Debug|ARM64
		{E580AEE8-E9B9-4905-B092-5F3613BF2033}.Local|Any CPU.Build.0 = Debug|ARM64
		{E580AEE8-E9B9-4905-B092-5F3613BF2033}.Local|ARM64.ActiveCfg = Debug|ARM64
		{E580AEE8-E9B9-4905-B092-5F3613BF2033}.Local|ARM64.Build.0 = Debug|ARM64
		{E580AEE8-E9B9-4905-B092-5F3613BF2033}.Local|x64.ActiveCfg = Debug|ARM64
		{E580AEE8-E9B9-4905-B092-5F3613BF2033}.Local|x64.Build.0 = Debug|ARM64
		{E580AEE8-E9B9-4905-B092-5F3613BF2033}.NoVariablesDefault|Any CPU.ActiveCfg = Release|ARM64
		{E580AEE8-E9B9-4905-B092-5F3613BF2033}.NoVariablesDefault|Any CPU.Build.0 = Release|ARM64
		{E580AEE8-E9B9-4905-B092-5F3613BF2033}.NoVariablesDefault|ARM64.ActiveCfg = Release|ARM64
		{E580AEE8-E9B9-4905-B092-5F3613BF2033}.NoVariablesDefault|ARM64.Build.0 = Release|ARM64
		{E580AEE8-E9B9-4905-B092-5F3613BF2033}.NoVariablesDefault|x64.ActiveCfg = Release|ARM64
		{E580AEE8-E9B9-4905-B092-5F3613BF2033}.NoVariablesDefault|x64.Build.0 = Release|ARM64
		{E580AEE8-E9B9-4905-B092-5F3613BF2033}.Release|Any CPU.ActiveCfg = Release|ARM64
		{E580AEE8-E9B9-4905-B092-5F3613BF2033}.Release|Any CPU.Build.0 = Release|ARM64
		{E580AEE8-E9B9-4905-B092-5F3613BF2033}.Release|ARM64.ActiveCfg = Release|ARM64
		{E580AEE8-E9B9-4905-B092-5F3613BF2033}.Release|ARM64.Build.0 = Release|ARM64
		{E580AEE8-E9B9-4905-B092-5F3613BF2033}.Release|x64.ActiveCfg = Release|ARM64
		{E580AEE8-E9B9-4905-B092-5F3613BF2033}.Release|x64.Build.0 = Release|ARM64
		{3FB05AC9-BAE4-4BA1-BA7F-CAE236909DC2}.Debug|Any CPU.ActiveCfg = Debug|Any CPU
		{3FB05AC9-BAE4-4BA1-BA7F-CAE236909DC2}.Debug|Any CPU.Build.0 = Debug|Any CPU
		{3FB05AC9-BAE4-4BA1-BA7F-CAE236909DC2}.Debug|ARM64.ActiveCfg = Debug|Any CPU
		{3FB05AC9-BAE4-4BA1-BA7F-CAE236909DC2}.Debug|ARM64.Build.0 = Debug|Any CPU
		{3FB05AC9-BAE4-4BA1-BA7F-CAE236909DC2}.Debug|x64.ActiveCfg = Debug|Any CPU
		{3FB05AC9-BAE4-4BA1-BA7F-CAE236909DC2}.Debug|x64.Build.0 = Debug|Any CPU
		{3FB05AC9-BAE4-4BA1-BA7F-CAE236909DC2}.Local|Any CPU.ActiveCfg = Local|Any CPU
		{3FB05AC9-BAE4-4BA1-BA7F-CAE236909DC2}.Local|Any CPU.Build.0 = Local|Any CPU
		{3FB05AC9-BAE4-4BA1-BA7F-CAE236909DC2}.Local|ARM64.ActiveCfg = Local|Any CPU
		{3FB05AC9-BAE4-4BA1-BA7F-CAE236909DC2}.Local|ARM64.Build.0 = Local|Any CPU
		{3FB05AC9-BAE4-4BA1-BA7F-CAE236909DC2}.Local|x64.ActiveCfg = Local|Any CPU
		{3FB05AC9-BAE4-4BA1-BA7F-CAE236909DC2}.Local|x64.Build.0 = Local|Any CPU
		{3FB05AC9-BAE4-4BA1-BA7F-CAE236909DC2}.NoVariablesDefault|Any CPU.ActiveCfg = Release|Any CPU
		{3FB05AC9-BAE4-4BA1-BA7F-CAE236909DC2}.NoVariablesDefault|Any CPU.Build.0 = Release|Any CPU
		{3FB05AC9-BAE4-4BA1-BA7F-CAE236909DC2}.NoVariablesDefault|ARM64.ActiveCfg = Release|Any CPU
		{3FB05AC9-BAE4-4BA1-BA7F-CAE236909DC2}.NoVariablesDefault|ARM64.Build.0 = Release|Any CPU
		{3FB05AC9-BAE4-4BA1-BA7F-CAE236909DC2}.NoVariablesDefault|x64.ActiveCfg = Release|Any CPU
		{3FB05AC9-BAE4-4BA1-BA7F-CAE236909DC2}.NoVariablesDefault|x64.Build.0 = Release|Any CPU
		{3FB05AC9-BAE4-4BA1-BA7F-CAE236909DC2}.Release|Any CPU.ActiveCfg = Release|Any CPU
		{3FB05AC9-BAE4-4BA1-BA7F-CAE236909DC2}.Release|Any CPU.Build.0 = Release|Any CPU
		{3FB05AC9-BAE4-4BA1-BA7F-CAE236909DC2}.Release|ARM64.ActiveCfg = Release|Any CPU
		{3FB05AC9-BAE4-4BA1-BA7F-CAE236909DC2}.Release|ARM64.Build.0 = Release|Any CPU
		{3FB05AC9-BAE4-4BA1-BA7F-CAE236909DC2}.Release|x64.ActiveCfg = Release|Any CPU
		{3FB05AC9-BAE4-4BA1-BA7F-CAE236909DC2}.Release|x64.Build.0 = Release|Any CPU
		{C0D913FB-50EB-41C4-A270-B2347D55320B}.Debug|Any CPU.ActiveCfg = Debug|Any CPU
		{C0D913FB-50EB-41C4-A270-B2347D55320B}.Debug|Any CPU.Build.0 = Debug|Any CPU
		{C0D913FB-50EB-41C4-A270-B2347D55320B}.Debug|ARM64.ActiveCfg = Debug|ARM64
		{C0D913FB-50EB-41C4-A270-B2347D55320B}.Debug|ARM64.Build.0 = Debug|ARM64
		{C0D913FB-50EB-41C4-A270-B2347D55320B}.Debug|x64.ActiveCfg = Debug|ARM64
		{C0D913FB-50EB-41C4-A270-B2347D55320B}.Debug|x64.Build.0 = Debug|ARM64
		{C0D913FB-50EB-41C4-A270-B2347D55320B}.Local|Any CPU.ActiveCfg = Debug|ARM64
		{C0D913FB-50EB-41C4-A270-B2347D55320B}.Local|Any CPU.Build.0 = Debug|ARM64
		{C0D913FB-50EB-41C4-A270-B2347D55320B}.Local|ARM64.ActiveCfg = Debug|ARM64
		{C0D913FB-50EB-41C4-A270-B2347D55320B}.Local|ARM64.Build.0 = Debug|ARM64
		{C0D913FB-50EB-41C4-A270-B2347D55320B}.Local|x64.ActiveCfg = Debug|ARM64
		{C0D913FB-50EB-41C4-A270-B2347D55320B}.Local|x64.Build.0 = Debug|ARM64
		{C0D913FB-50EB-41C4-A270-B2347D55320B}.NoVariablesDefault|Any CPU.ActiveCfg = Release|ARM64
		{C0D913FB-50EB-41C4-A270-B2347D55320B}.NoVariablesDefault|Any CPU.Build.0 = Release|ARM64
		{C0D913FB-50EB-41C4-A270-B2347D55320B}.NoVariablesDefault|ARM64.ActiveCfg = Release|ARM64
		{C0D913FB-50EB-41C4-A270-B2347D55320B}.NoVariablesDefault|ARM64.Build.0 = Release|ARM64
		{C0D913FB-50EB-41C4-A270-B2347D55320B}.NoVariablesDefault|x64.ActiveCfg = Release|ARM64
		{C0D913FB-50EB-41C4-A270-B2347D55320B}.NoVariablesDefault|x64.Build.0 = Release|ARM64
		{C0D913FB-50EB-41C4-A270-B2347D55320B}.Release|Any CPU.ActiveCfg = Release|ARM64
		{C0D913FB-50EB-41C4-A270-B2347D55320B}.Release|Any CPU.Build.0 = Release|ARM64
		{C0D913FB-50EB-41C4-A270-B2347D55320B}.Release|ARM64.ActiveCfg = Release|ARM64
		{C0D913FB-50EB-41C4-A270-B2347D55320B}.Release|ARM64.Build.0 = Release|ARM64
		{C0D913FB-50EB-41C4-A270-B2347D55320B}.Release|x64.ActiveCfg = Release|ARM64
		{C0D913FB-50EB-41C4-A270-B2347D55320B}.Release|x64.Build.0 = Release|ARM64
		{BBDBB6D9-3B50-4B81-AA4A-740A181C9CAF}.Debug|Any CPU.ActiveCfg = Debug|Any CPU
		{BBDBB6D9-3B50-4B81-AA4A-740A181C9CAF}.Debug|Any CPU.Build.0 = Debug|Any CPU
		{BBDBB6D9-3B50-4B81-AA4A-740A181C9CAF}.Debug|ARM64.ActiveCfg = Debug|Any CPU
		{BBDBB6D9-3B50-4B81-AA4A-740A181C9CAF}.Debug|ARM64.Build.0 = Debug|Any CPU
		{BBDBB6D9-3B50-4B81-AA4A-740A181C9CAF}.Debug|x64.ActiveCfg = Debug|Any CPU
		{BBDBB6D9-3B50-4B81-AA4A-740A181C9CAF}.Debug|x64.Build.0 = Debug|Any CPU
		{BBDBB6D9-3B50-4B81-AA4A-740A181C9CAF}.Local|Any CPU.ActiveCfg = Local|Any CPU
		{BBDBB6D9-3B50-4B81-AA4A-740A181C9CAF}.Local|Any CPU.Build.0 = Local|Any CPU
		{BBDBB6D9-3B50-4B81-AA4A-740A181C9CAF}.Local|ARM64.ActiveCfg = Local|Any CPU
		{BBDBB6D9-3B50-4B81-AA4A-740A181C9CAF}.Local|ARM64.Build.0 = Local|Any CPU
		{BBDBB6D9-3B50-4B81-AA4A-740A181C9CAF}.Local|x64.ActiveCfg = Local|Any CPU
		{BBDBB6D9-3B50-4B81-AA4A-740A181C9CAF}.Local|x64.Build.0 = Local|Any CPU
		{BBDBB6D9-3B50-4B81-AA4A-740A181C9CAF}.NoVariablesDefault|Any CPU.ActiveCfg = Release|Any CPU
		{BBDBB6D9-3B50-4B81-AA4A-740A181C9CAF}.NoVariablesDefault|Any CPU.Build.0 = Release|Any CPU
		{BBDBB6D9-3B50-4B81-AA4A-740A181C9CAF}.NoVariablesDefault|ARM64.ActiveCfg = Release|Any CPU
		{BBDBB6D9-3B50-4B81-AA4A-740A181C9CAF}.NoVariablesDefault|ARM64.Build.0 = Release|Any CPU
		{BBDBB6D9-3B50-4B81-AA4A-740A181C9CAF}.NoVariablesDefault|x64.ActiveCfg = Release|Any CPU
		{BBDBB6D9-3B50-4B81-AA4A-740A181C9CAF}.NoVariablesDefault|x64.Build.0 = Release|Any CPU
		{BBDBB6D9-3B50-4B81-AA4A-740A181C9CAF}.Release|Any CPU.ActiveCfg = Release|Any CPU
		{BBDBB6D9-3B50-4B81-AA4A-740A181C9CAF}.Release|Any CPU.Build.0 = Release|Any CPU
		{BBDBB6D9-3B50-4B81-AA4A-740A181C9CAF}.Release|ARM64.ActiveCfg = Release|Any CPU
		{BBDBB6D9-3B50-4B81-AA4A-740A181C9CAF}.Release|ARM64.Build.0 = Release|Any CPU
		{BBDBB6D9-3B50-4B81-AA4A-740A181C9CAF}.Release|x64.ActiveCfg = Release|Any CPU
		{BBDBB6D9-3B50-4B81-AA4A-740A181C9CAF}.Release|x64.Build.0 = Release|Any CPU
		{2E652247-1F77-42FD-B844-56CCC067B10A}.Debug|Any CPU.ActiveCfg = Debug|Any CPU
		{2E652247-1F77-42FD-B844-56CCC067B10A}.Debug|Any CPU.Build.0 = Debug|Any CPU
		{2E652247-1F77-42FD-B844-56CCC067B10A}.Debug|ARM64.ActiveCfg = Debug|Any CPU
		{2E652247-1F77-42FD-B844-56CCC067B10A}.Debug|ARM64.Build.0 = Debug|Any CPU
		{2E652247-1F77-42FD-B844-56CCC067B10A}.Debug|x64.ActiveCfg = Debug|Any CPU
		{2E652247-1F77-42FD-B844-56CCC067B10A}.Debug|x64.Build.0 = Debug|Any CPU
		{2E652247-1F77-42FD-B844-56CCC067B10A}.Local|Any CPU.ActiveCfg = Local|Any CPU
		{2E652247-1F77-42FD-B844-56CCC067B10A}.Local|Any CPU.Build.0 = Local|Any CPU
		{2E652247-1F77-42FD-B844-56CCC067B10A}.Local|ARM64.ActiveCfg = Local|Any CPU
		{2E652247-1F77-42FD-B844-56CCC067B10A}.Local|ARM64.Build.0 = Local|Any CPU
		{2E652247-1F77-42FD-B844-56CCC067B10A}.Local|x64.ActiveCfg = Local|Any CPU
		{2E652247-1F77-42FD-B844-56CCC067B10A}.Local|x64.Build.0 = Local|Any CPU
		{2E652247-1F77-42FD-B844-56CCC067B10A}.NoVariablesDefault|Any CPU.ActiveCfg = Release|Any CPU
		{2E652247-1F77-42FD-B844-56CCC067B10A}.NoVariablesDefault|Any CPU.Build.0 = Release|Any CPU
		{2E652247-1F77-42FD-B844-56CCC067B10A}.NoVariablesDefault|ARM64.ActiveCfg = Release|Any CPU
		{2E652247-1F77-42FD-B844-56CCC067B10A}.NoVariablesDefault|ARM64.Build.0 = Release|Any CPU
		{2E652247-1F77-42FD-B844-56CCC067B10A}.NoVariablesDefault|x64.ActiveCfg = Release|Any CPU
		{2E652247-1F77-42FD-B844-56CCC067B10A}.NoVariablesDefault|x64.Build.0 = Release|Any CPU
		{2E652247-1F77-42FD-B844-56CCC067B10A}.Release|Any CPU.ActiveCfg = Release|Any CPU
		{2E652247-1F77-42FD-B844-56CCC067B10A}.Release|Any CPU.Build.0 = Release|Any CPU
		{2E652247-1F77-42FD-B844-56CCC067B10A}.Release|ARM64.ActiveCfg = Release|Any CPU
		{2E652247-1F77-42FD-B844-56CCC067B10A}.Release|ARM64.Build.0 = Release|Any CPU
		{2E652247-1F77-42FD-B844-56CCC067B10A}.Release|x64.ActiveCfg = Release|Any CPU
		{2E652247-1F77-42FD-B844-56CCC067B10A}.Release|x64.Build.0 = Release|Any CPU
		{5D41BD0D-75F8-4CB2-BB4C-D932616F6839}.Debug|Any CPU.ActiveCfg = Debug|Any CPU
		{5D41BD0D-75F8-4CB2-BB4C-D932616F6839}.Debug|Any CPU.Build.0 = Debug|Any CPU
		{5D41BD0D-75F8-4CB2-BB4C-D932616F6839}.Debug|ARM64.ActiveCfg = Debug|Any CPU
		{5D41BD0D-75F8-4CB2-BB4C-D932616F6839}.Debug|ARM64.Build.0 = Debug|Any CPU
		{5D41BD0D-75F8-4CB2-BB4C-D932616F6839}.Debug|x64.ActiveCfg = Debug|Any CPU
		{5D41BD0D-75F8-4CB2-BB4C-D932616F6839}.Debug|x64.Build.0 = Debug|Any CPU
		{5D41BD0D-75F8-4CB2-BB4C-D932616F6839}.Local|Any CPU.ActiveCfg = Local|Any CPU
		{5D41BD0D-75F8-4CB2-BB4C-D932616F6839}.Local|Any CPU.Build.0 = Local|Any CPU
		{5D41BD0D-75F8-4CB2-BB4C-D932616F6839}.Local|ARM64.ActiveCfg = Local|Any CPU
		{5D41BD0D-75F8-4CB2-BB4C-D932616F6839}.Local|ARM64.Build.0 = Local|Any CPU
		{5D41BD0D-75F8-4CB2-BB4C-D932616F6839}.Local|x64.ActiveCfg = Local|Any CPU
		{5D41BD0D-75F8-4CB2-BB4C-D932616F6839}.Local|x64.Build.0 = Local|Any CPU
		{5D41BD0D-75F8-4CB2-BB4C-D932616F6839}.NoVariablesDefault|Any CPU.ActiveCfg = Release|Any CPU
		{5D41BD0D-75F8-4CB2-BB4C-D932616F6839}.NoVariablesDefault|Any CPU.Build.0 = Release|Any CPU
		{5D41BD0D-75F8-4CB2-BB4C-D932616F6839}.NoVariablesDefault|ARM64.ActiveCfg = Release|Any CPU
		{5D41BD0D-75F8-4CB2-BB4C-D932616F6839}.NoVariablesDefault|ARM64.Build.0 = Release|Any CPU
		{5D41BD0D-75F8-4CB2-BB4C-D932616F6839}.NoVariablesDefault|x64.ActiveCfg = Release|Any CPU
		{5D41BD0D-75F8-4CB2-BB4C-D932616F6839}.NoVariablesDefault|x64.Build.0 = Release|Any CPU
		{5D41BD0D-75F8-4CB2-BB4C-D932616F6839}.Release|Any CPU.ActiveCfg = Release|Any CPU
		{5D41BD0D-75F8-4CB2-BB4C-D932616F6839}.Release|Any CPU.Build.0 = Release|Any CPU
		{5D41BD0D-75F8-4CB2-BB4C-D932616F6839}.Release|ARM64.ActiveCfg = Release|Any CPU
		{5D41BD0D-75F8-4CB2-BB4C-D932616F6839}.Release|ARM64.Build.0 = Release|Any CPU
		{5D41BD0D-75F8-4CB2-BB4C-D932616F6839}.Release|x64.ActiveCfg = Release|Any CPU
		{5D41BD0D-75F8-4CB2-BB4C-D932616F6839}.Release|x64.Build.0 = Release|Any CPU
		{2A527402-F7CA-45D3-A135-6FA53AB00A88}.Debug|Any CPU.ActiveCfg = Debug|Any CPU
		{2A527402-F7CA-45D3-A135-6FA53AB00A88}.Debug|Any CPU.Build.0 = Debug|Any CPU
		{2A527402-F7CA-45D3-A135-6FA53AB00A88}.Debug|ARM64.ActiveCfg = Debug|Any CPU
		{2A527402-F7CA-45D3-A135-6FA53AB00A88}.Debug|x64.ActiveCfg = Debug|x64
		{2A527402-F7CA-45D3-A135-6FA53AB00A88}.Local|Any CPU.ActiveCfg = Debug|Any CPU
		{2A527402-F7CA-45D3-A135-6FA53AB00A88}.Local|ARM64.ActiveCfg = Debug|Any CPU
		{2A527402-F7CA-45D3-A135-6FA53AB00A88}.Local|x64.ActiveCfg = Debug|x64
		{2A527402-F7CA-45D3-A135-6FA53AB00A88}.NoVariablesDefault|Any CPU.ActiveCfg = Debug|Any CPU
		{2A527402-F7CA-45D3-A135-6FA53AB00A88}.NoVariablesDefault|ARM64.ActiveCfg = Debug|Any CPU
		{2A527402-F7CA-45D3-A135-6FA53AB00A88}.NoVariablesDefault|x64.ActiveCfg = Debug|x64
		{2A527402-F7CA-45D3-A135-6FA53AB00A88}.Release|Any CPU.ActiveCfg = Debug|Any CPU
		{2A527402-F7CA-45D3-A135-6FA53AB00A88}.Release|ARM64.ActiveCfg = Debug|Any CPU
		{2A527402-F7CA-45D3-A135-6FA53AB00A88}.Release|x64.ActiveCfg = Debug|x64
	EndGlobalSection
	GlobalSection(SolutionProperties) = preSolution
		HideSolutionNode = FALSE
	EndGlobalSection
	GlobalSection(NestedProjects) = preSolution
		{9C8BA5E7-DD04-495C-A6B5-42CE8B4920B2} = {0BEDFD31-9C66-4BD5-B291-68E97CD001A2}
		{D749BE43-2098-4395-9491-A962602C289C} = {9C8BA5E7-DD04-495C-A6B5-42CE8B4920B2}
		{602A2DF5-AA35-4263-9348-786E7638C6C2} = {9C8BA5E7-DD04-495C-A6B5-42CE8B4920B2}
		{08B56C4A-08B1-4C4D-9848-E9C338B9734E} = {9C8BA5E7-DD04-495C-A6B5-42CE8B4920B2}
		{0517697A-06DA-41C1-BF2B-C2EEC58027AE} = {0BEDFD31-9C66-4BD5-B291-68E97CD001A2}
		{8154FF17-DCF7-4BF3-8247-A56D72CE1F61} = {0517697A-06DA-41C1-BF2B-C2EEC58027AE}
		{FA22F3F6-0E5A-4C4C-911F-F5AD54530FD9} = {0517697A-06DA-41C1-BF2B-C2EEC58027AE}
		{D5841C30-9E1B-4643-9E85-12FDEEE73E0A} = {F2019390-5B40-4A5F-95E4-4D406725FECC}
		{615FCFB3-31D4-4294-B08E-7525BD1399D3} = {F2019390-5B40-4A5F-95E4-4D406725FECC}
		{4B00EFDC-F683-4601-9376-85C9555CE0F0} = {F2019390-5B40-4A5F-95E4-4D406725FECC}
		{D58FEEF2-B0A9-469E-9F66-307EDCADD5FE} = {F2019390-5B40-4A5F-95E4-4D406725FECC}
		{93D52415-CF1B-4932-AF30-DC74D49DDC27} = {F2019390-5B40-4A5F-95E4-4D406725FECC}
		{181A2114-97A2-4B63-A911-09D876B820A6} = {F2019390-5B40-4A5F-95E4-4D406725FECC}
		{E828C7A5-4EBD-4EA5-B4DA-5DE635F7EB11} = {F2019390-5B40-4A5F-95E4-4D406725FECC}
		{535F043A-A574-43DD-A9C8-755C68403A14} = {F2019390-5B40-4A5F-95E4-4D406725FECC}
		{DE53D130-D963-4134-8A30-B9ED3323C31D} = {F2019390-5B40-4A5F-95E4-4D406725FECC}
		{7A77254C-F283-4952-AE94-A4136EE57C94} = {FA261F70-4AD5-4F01-B28D-77A53746608A}
		{E580AEE8-E9B9-4905-B092-5F3613BF2033} = {7A77254C-F283-4952-AE94-A4136EE57C94}
		{3FB05AC9-BAE4-4BA1-BA7F-CAE236909DC2} = {F2019390-5B40-4A5F-95E4-4D406725FECC}
		{C0D913FB-50EB-41C4-A270-B2347D55320B} = {7A77254C-F283-4952-AE94-A4136EE57C94}
		{BBDBB6D9-3B50-4B81-AA4A-740A181C9CAF} = {F2019390-5B40-4A5F-95E4-4D406725FECC}
		{2E652247-1F77-42FD-B844-56CCC067B10A} = {F2019390-5B40-4A5F-95E4-4D406725FECC}
		{5D41BD0D-75F8-4CB2-BB4C-D932616F6839} = {F2019390-5B40-4A5F-95E4-4D406725FECC}
	EndGlobalSection
	GlobalSection(ExtensibilityGlobals) = postSolution
		SolutionGuid = {999CECBB-2D1A-4CF5-89BB-F25A650D1CB2}
	EndGlobalSection
EndGlobal
